
Microsoft Visual Studio Solution File, Format Version 12.00
# Visual Studio Version 16
VisualStudioVersion = 16.0.28917.182
MinimumVisualStudioVersion = 10.0.40219.1
Project("{FAE04EC0-301F-11D3-BF4B-00C04F79EFBC}") = "SendMail", "SendMail\SendMail.csproj", "{0967D023-083A-4ACF-8B2C-870BB257C369}"
EndProject
Global
	GlobalSection(SolutionConfigurationPlatforms) = preSolution
		Debug|Any CPU = Debug|Any CPU
		Release|Any CPU = Release|Any CPU
	EndGlobalSection
	GlobalSection(ProjectConfigurationPlatforms) = postSolution
		{0967D023-083A-4ACF-8B2C-870BB257C369}.Debug|Any CPU.ActiveCfg = Debug|Any CPU
		{0967D023-083A-4ACF-8B2C-870BB257C369}.Debug|Any CPU.Build.0 = Debug|Any CPU
		{0967D023-083A-4ACF-8B2C-870BB257C369}.Release|Any CPU.ActiveCfg = Release|Any CPU
		{0967D023-083A-4ACF-8B2C-870BB257C369}.Release|Any CPU.Build.0 = Release|Any CPU
	EndGlobalSection
	GlobalSection(SolutionProperties) = preSolution
		HideSolutionNode = FALSE
	EndGlobalSection
	GlobalSection(ExtensibilityGlobals) = postSolution
		SolutionGuid = {B0843DC9-003C-4C8F-9F06-7D51DFCFD212}
	EndGlobalSection
EndGlobal
